// !$*UTF8*$!
{
	archiveVersion = 1;
	classes = {
	};
	objectVersion = 56;
	objects = {

/* Begin PBXBuildFile section */
		1765D0DD2AB1D85800135C24 /* AppDelegate.swift in Sources */ = {isa = PBXBuildFile; fileRef = 1765D0DC2AB1D85800135C24 /* AppDelegate.swift */; };
		1765D0DF2AB1D85800135C24 /* SceneDelegate.swift in Sources */ = {isa = PBXBuildFile; fileRef = 1765D0DE2AB1D85800135C24 /* SceneDelegate.swift */; };
		1765D0E12AB1D85800135C24 /* ViewController.swift in Sources */ = {isa = PBXBuildFile; fileRef = 1765D0E02AB1D85800135C24 /* ViewController.swift */; };
		1765D0E42AB1D85800135C24 /* Main.storyboard in Resources */ = {isa = PBXBuildFile; fileRef = 1765D0E22AB1D85800135C24 /* Main.storyboard */; };
		1765D0E62AB1D85900135C24 /* Assets.xcassets in Resources */ = {isa = PBXBuildFile; fileRef = 1765D0E52AB1D85900135C24 /* Assets.xcassets */; };
		1765D0E92AB1D85900135C24 /* LaunchScreen.storyboard in Resources */ = {isa = PBXBuildFile; fileRef = 1765D0E72AB1D85900135C24 /* LaunchScreen.storyboard */; };
		1765D0F32AB1D8D100135C24 /* OperatorEnum.swift in Sources */ = {isa = PBXBuildFile; fileRef = 1765D0F22AB1D8D100135C24 /* OperatorEnum.swift */; };
		1765D0F52AB1D8E800135C24 /* CalculatorObservable.swift in Sources */ = {isa = PBXBuildFile; fileRef = 1765D0F42AB1D8E800135C24 /* CalculatorObservable.swift */; };
		1765D0F82AB1D90900135C24 /* CalculatorViewModel.swift in Sources */ = {isa = PBXBuildFile; fileRef = 1765D0F72AB1D90900135C24 /* CalculatorViewModel.swift */; };
		1765D0FB2AB1D92D00135C24 /* Alamofire in Frameworks */ = {isa = PBXBuildFile; productRef = 1765D0FA2AB1D92D00135C24 /* Alamofire */; };
		1765D0FE2AB1D93C00135C24 /* SnapKit in Frameworks */ = {isa = PBXBuildFile; productRef = 1765D0FD2AB1D93C00135C24 /* SnapKit */; };
		1765D1012AB1D96D00135C24 /* CalculatorViewController.swift in Sources */ = {isa = PBXBuildFile; fileRef = 1765D1002AB1D96D00135C24 /* CalculatorViewController.swift */; };
		1765D1052AB1D9BE00135C24 /* LottoModel.swift in Sources */ = {isa = PBXBuildFile; fileRef = 1765D1042AB1D9BE00135C24 /* LottoModel.swift */; };
		1765D1082AB1D9EE00135C24 /* LottoObservable.swift in Sources */ = {isa = PBXBuildFile; fileRef = 1765D1072AB1D9EE00135C24 /* LottoObservable.swift */; };
		1765D10B2AB1DA1500135C24 /* URLSingleton.swift in Sources */ = {isa = PBXBuildFile; fileRef = 1765D10A2AB1DA1500135C24 /* URLSingleton.swift */; };
		1765D10D2AB1DA2900135C24 /* APIManager.swift in Sources */ = {isa = PBXBuildFile; fileRef = 1765D10C2AB1DA2900135C24 /* APIManager.swift */; };
		1765D1102AB1DA7900135C24 /* LottoViewModel.swift in Sources */ = {isa = PBXBuildFile; fileRef = 1765D10F2AB1DA7900135C24 /* LottoViewModel.swift */; };
		1765D1132AB1DAB400135C24 /* LottoViewController.swift in Sources */ = {isa = PBXBuildFile; fileRef = 1765D1122AB1DAB400135C24 /* LottoViewController.swift */; };
/* End PBXBuildFile section */

/* Begin PBXFileReference section */
		1765D0D92AB1D85800135C24 /* MVVMPractice2.app */ = {isa = PBXFileReference; explicitFileType = wrapper.application; includeInIndex = 0; path = MVVMPractice2.app; sourceTree = BUILT_PRODUCTS_DIR; };
		1765D0DC2AB1D85800135C24 /* AppDelegate.swift */ = {isa = PBXFileReference; lastKnownFileType = sourcecode.swift; path = AppDelegate.swift; sourceTree = "<group>"; };
		1765D0DE2AB1D85800135C24 /* SceneDelegate.swift */ = {isa = PBXFileReference; lastKnownFileType = sourcecode.swift; path = SceneDelegate.swift; sourceTree = "<group>"; };
		1765D0E02AB1D85800135C24 /* ViewController.swift */ = {isa = PBXFileReference; lastKnownFileType = sourcecode.swift; path = ViewController.swift; sourceTree = "<group>"; };
		1765D0E32AB1D85800135C24 /* Base */ = {isa = PBXFileReference; lastKnownFileType = file.storyboard; name = Base; path = Base.lproj/Main.storyboard; sourceTree = "<group>"; };
		1765D0E52AB1D85900135C24 /* Assets.xcassets */ = {isa = PBXFileReference; lastKnownFileType = folder.assetcatalog; path = Assets.xcassets; sourceTree = "<group>"; };
		1765D0E82AB1D85900135C24 /* Base */ = {isa = PBXFileReference; lastKnownFileType = file.storyboard; name = Base; path = Base.lproj/LaunchScreen.storyboard; sourceTree = "<group>"; };
		1765D0EA2AB1D85900135C24 /* Info.plist */ = {isa = PBXFileReference; lastKnownFileType = text.plist.xml; path = Info.plist; sourceTree = "<group>"; };
		1765D0F22AB1D8D100135C24 /* OperatorEnum.swift */ = {isa = PBXFileReference; lastKnownFileType = sourcecode.swift; path = OperatorEnum.swift; sourceTree = "<group>"; };
		1765D0F42AB1D8E800135C24 /* CalculatorObservable.swift */ = {isa = PBXFileReference; lastKnownFileType = sourcecode.swift; path = CalculatorObservable.swift; sourceTree = "<group>"; };
		1765D0F72AB1D90900135C24 /* CalculatorViewModel.swift */ = {isa = PBXFileReference; lastKnownFileType = sourcecode.swift; path = CalculatorViewModel.swift; sourceTree = "<group>"; };
		1765D1002AB1D96D00135C24 /* CalculatorViewController.swift */ = {isa = PBXFileReference; lastKnownFileType = sourcecode.swift; path = CalculatorViewController.swift; sourceTree = "<group>"; };
		1765D1042AB1D9BE00135C24 /* LottoModel.swift */ = {isa = PBXFileReference; lastKnownFileType = sourcecode.swift; path = LottoModel.swift; sourceTree = "<group>"; };
		1765D1072AB1D9EE00135C24 /* LottoObservable.swift */ = {isa = PBXFileReference; lastKnownFileType = sourcecode.swift; path = LottoObservable.swift; sourceTree = "<group>"; };
		1765D10A2AB1DA1500135C24 /* URLSingleton.swift */ = {isa = PBXFileReference; lastKnownFileType = sourcecode.swift; path = URLSingleton.swift; sourceTree = "<group>"; };
		1765D10C2AB1DA2900135C24 /* APIManager.swift */ = {isa = PBXFileReference; lastKnownFileType = sourcecode.swift; path = APIManager.swift; sourceTree = "<group>"; };
		1765D10F2AB1DA7900135C24 /* LottoViewModel.swift */ = {isa = PBXFileReference; lastKnownFileType = sourcecode.swift; path = LottoViewModel.swift; sourceTree = "<group>"; };
		1765D1122AB1DAB400135C24 /* LottoViewController.swift */ = {isa = PBXFileReference; lastKnownFileType = sourcecode.swift; path = LottoViewController.swift; sourceTree = "<group>"; };
/* End PBXFileReference section */

/* Begin PBXFrameworksBuildPhase section */
		1765D0D62AB1D85800135C24 /* Frameworks */ = {
			isa = PBXFrameworksBuildPhase;
			buildActionMask = 2147483647;
			files = (
				1765D0FB2AB1D92D00135C24 /* Alamofire in Frameworks */,
				1765D0FE2AB1D93C00135C24 /* SnapKit in Frameworks */,
			);
			runOnlyForDeploymentPostprocessing = 0;
		};
/* End PBXFrameworksBuildPhase section */

/* Begin PBXGroup section */
		1765D0D02AB1D85800135C24 = {
			isa = PBXGroup;
			children = (
				1765D0DB2AB1D85800135C24 /* MVVMPractice2 */,
				1765D0DA2AB1D85800135C24 /* Products */,
			);
			sourceTree = "<group>";
		};
		1765D0DA2AB1D85800135C24 /* Products */ = {
			isa = PBXGroup;
			children = (
				1765D0D92AB1D85800135C24 /* MVVMPractice2.app */,
			);
			name = Products;
			sourceTree = "<group>";
		};
		1765D0DB2AB1D85800135C24 /* MVVMPractice2 */ = {
			isa = PBXGroup;
			children = (
				1765D1022AB1D99C00135C24 /* Lotto */,
				1765D0F02AB1D8AE00135C24 /* Calculator */,
				1765D0DC2AB1D85800135C24 /* AppDelegate.swift */,
				1765D0DE2AB1D85800135C24 /* SceneDelegate.swift */,
				1765D0E02AB1D85800135C24 /* ViewController.swift */,
				1765D0E22AB1D85800135C24 /* Main.storyboard */,
				1765D0E52AB1D85900135C24 /* Assets.xcassets */,
				1765D0E72AB1D85900135C24 /* LaunchScreen.storyboard */,
				1765D0EA2AB1D85900135C24 /* Info.plist */,
			);
			path = MVVMPractice2;
			sourceTree = "<group>";
		};
		1765D0F02AB1D8AE00135C24 /* Calculator */ = {
			isa = PBXGroup;
			children = (
				1765D0FF2AB1D94F00135C24 /* View */,
				1765D0F62AB1D8FB00135C24 /* ViewModel */,
				1765D0F12AB1D8C200135C24 /* Uitility */,
			);
			path = Calculator;
			sourceTree = "<group>";
		};
		1765D0F12AB1D8C200135C24 /* Uitility */ = {
			isa = PBXGroup;
			children = (
				1765D0F22AB1D8D100135C24 /* OperatorEnum.swift */,
				1765D0F42AB1D8E800135C24 /* CalculatorObservable.swift */,
			);
			path = Uitility;
			sourceTree = "<group>";
		};
		1765D0F62AB1D8FB00135C24 /* ViewModel */ = {
			isa = PBXGroup;
			children = (
				1765D0F72AB1D90900135C24 /* CalculatorViewModel.swift */,
			);
			path = ViewModel;
			sourceTree = "<group>";
		};
		1765D0FF2AB1D94F00135C24 /* View */ = {
			isa = PBXGroup;
			children = (
				1765D1002AB1D96D00135C24 /* CalculatorViewController.swift */,
			);
			path = View;
			sourceTree = "<group>";
		};
		1765D1022AB1D99C00135C24 /* Lotto */ = {
			isa = PBXGroup;
			children = (
				1765D1112AB1DA9A00135C24 /* View */,
				1765D10E2AB1DA6500135C24 /* ViewModel */,
				1765D1062AB1D9D900135C24 /* Utility */,
				1765D1032AB1D9B000135C24 /* Model */,
			);
			path = Lotto;
			sourceTree = "<group>";
		};
		1765D1032AB1D9B000135C24 /* Model */ = {
			isa = PBXGroup;
			children = (
				1765D1042AB1D9BE00135C24 /* LottoModel.swift */,
			);
			path = Model;
			sourceTree = "<group>";
		};
		1765D1062AB1D9D900135C24 /* Utility */ = {
			isa = PBXGroup;
			children = (
				1765D1092AB1D9FA00135C24 /* Network */,
				1765D1072AB1D9EE00135C24 /* LottoObservable.swift */,
			);
			path = Utility;
			sourceTree = "<group>";
		};
		1765D1092AB1D9FA00135C24 /* Network */ = {
			isa = PBXGroup;
			children = (
				1765D10A2AB1DA1500135C24 /* URLSingleton.swift */,
				1765D10C2AB1DA2900135C24 /* APIManager.swift */,
			);
			path = Network;
			sourceTree = "<group>";
		};
		1765D10E2AB1DA6500135C24 /* ViewModel */ = {
			isa = PBXGroup;
			children = (
				1765D10F2AB1DA7900135C24 /* LottoViewModel.swift */,
			);
			path = ViewModel;
			sourceTree = "<group>";
		};
		1765D1112AB1DA9A00135C24 /* View */ = {
			isa = PBXGroup;
			children = (
				1765D1122AB1DAB400135C24 /* LottoViewController.swift */,
			);
			path = View;
			sourceTree = "<group>";
		};
/* End PBXGroup section */

/* Begin PBXNativeTarget section */
		1765D0D82AB1D85800135C24 /* MVVMPractice2 */ = {
			isa = PBXNativeTarget;
			buildConfigurationList = 1765D0ED2AB1D85900135C24 /* Build configuration list for PBXNativeTarget "MVVMPractice2" */;
			buildPhases = (
				1765D0D52AB1D85800135C24 /* Sources */,
				1765D0D62AB1D85800135C24 /* Frameworks */,
				1765D0D72AB1D85800135C24 /* Resources */,
			);
			buildRules = (
			);
			dependencies = (
			);
			name = MVVMPractice2;
			packageProductDependencies = (
				1765D0FA2AB1D92D00135C24 /* Alamofire */,
				1765D0FD2AB1D93C00135C24 /* SnapKit */,
			);
			productName = MVVMPractice2;
			productReference = 1765D0D92AB1D85800135C24 /* MVVMPractice2.app */;
			productType = "com.apple.product-type.application";
		};
/* End PBXNativeTarget section */

/* Begin PBXProject section */
		1765D0D12AB1D85800135C24 /* Project object */ = {
			isa = PBXProject;
			attributes = {
				BuildIndependentTargetsInParallel = 1;
				LastSwiftUpdateCheck = 1430;
				LastUpgradeCheck = 1430;
				TargetAttributes = {
					1765D0D82AB1D85800135C24 = {
						CreatedOnToolsVersion = 14.3.1;
					};
				};
			};
			buildConfigurationList = 1765D0D42AB1D85800135C24 /* Build configuration list for PBXProject "MVVMPractice2" */;
			compatibilityVersion = "Xcode 14.0";
			developmentRegion = en;
			hasScannedForEncodings = 0;
			knownRegions = (
				en,
				Base,
			);
			mainGroup = 1765D0D02AB1D85800135C24;
			packageReferences = (
				1765D0F92AB1D92D00135C24 /* XCRemoteSwiftPackageReference "Alamofire" */,
				1765D0FC2AB1D93C00135C24 /* XCRemoteSwiftPackageReference "SnapKit" */,
			);
			productRefGroup = 1765D0DA2AB1D85800135C24 /* Products */;
			projectDirPath = "";
			projectRoot = "";
			targets = (
				1765D0D82AB1D85800135C24 /* MVVMPractice2 */,
			);
		};
/* End PBXProject section */

/* Begin PBXResourcesBuildPhase section */
		1765D0D72AB1D85800135C24 /* Resources */ = {
			isa = PBXResourcesBuildPhase;
			buildActionMask = 2147483647;
			files = (
				1765D0E92AB1D85900135C24 /* LaunchScreen.storyboard in Resources */,
				1765D0E62AB1D85900135C24 /* Assets.xcassets in Resources */,
				1765D0E42AB1D85800135C24 /* Main.storyboard in Resources */,
			);
			runOnlyForDeploymentPostprocessing = 0;
		};
/* End PBXResourcesBuildPhase section */

/* Begin PBXSourcesBuildPhase section */
		1765D0D52AB1D85800135C24 /* Sources */ = {
			isa = PBXSourcesBuildPhase;
			buildActionMask = 2147483647;
			files = (
				1765D0E12AB1D85800135C24 /* ViewController.swift in Sources */,
				1765D0DD2AB1D85800135C24 /* AppDelegate.swift in Sources */,
				1765D1082AB1D9EE00135C24 /* LottoObservable.swift in Sources */,
				1765D0F32AB1D8D100135C24 /* OperatorEnum.swift in Sources */,
				1765D10D2AB1DA2900135C24 /* APIManager.swift in Sources */,
				1765D0DF2AB1D85800135C24 /* SceneDelegate.swift in Sources */,
				1765D1102AB1DA7900135C24 /* LottoViewModel.swift in Sources */,
				1765D0F82AB1D90900135C24 /* CalculatorViewModel.swift in Sources */,
				1765D1012AB1D96D00135C24 /* CalculatorViewController.swift in Sources */,
				1765D10B2AB1DA1500135C24 /* URLSingleton.swift in Sources */,
				1765D1052AB1D9BE00135C24 /* LottoModel.swift in Sources */,
				1765D1132AB1DAB400135C24 /* LottoViewController.swift in Sources */,
				1765D0F52AB1D8E800135C24 /* CalculatorObservable.swift in Sources */,
			);
			runOnlyForDeploymentPostprocessing = 0;
		};
/* End PBXSourcesBuildPhase section */

/* Begin PBXVariantGroup section */
		1765D0E22AB1D85800135C24 /* Main.storyboard */ = {
			isa = PBXVariantGroup;
			children = (
				1765D0E32AB1D85800135C24 /* Base */,
			);
			name = Main.storyboard;
			sourceTree = "<group>";
		};
		1765D0E72AB1D85900135C24 /* LaunchScreen.storyboard */ = {
			isa = PBXVariantGroup;
			children = (
				1765D0E82AB1D85900135C24 /* Base */,
			);
			name = LaunchScreen.storyboard;
			sourceTree = "<group>";
		};
/* End PBXVariantGroup section */

/* Begin XCBuildConfiguration section */
		1765D0EB2AB1D85900135C24 /* Debug */ = {
			isa = XCBuildConfiguration;
			buildSettings = {
				ALWAYS_SEARCH_USER_PATHS = NO;
				CLANG_ANALYZER_NONNULL = YES;
				CLANG_ANALYZER_NUMBER_OBJECT_CONVERSION = YES_AGGRESSIVE;
				CLANG_CXX_LANGUAGE_STANDARD = "gnu++20";
				CLANG_ENABLE_MODULES = YES;
				CLANG_ENABLE_OBJC_ARC = YES;
				CLANG_ENABLE_OBJC_WEAK = YES;
				CLANG_WARN_BLOCK_CAPTURE_AUTORELEASING = YES;
				CLANG_WARN_BOOL_CONVERSION = YES;
				CLANG_WARN_COMMA = YES;
				CLANG_WARN_CONSTANT_CONVERSION = YES;
				CLANG_WARN_DEPRECATED_OBJC_IMPLEMENTATIONS = YES;
				CLANG_WARN_DIRECT_OBJC_ISA_USAGE = YES_ERROR;
				CLANG_WARN_DOCUMENTATION_COMMENTS = YES;
				CLANG_WARN_EMPTY_BODY = YES;
				CLANG_WARN_ENUM_CONVERSION = YES;
				CLANG_WARN_INFINITE_RECURSION = YES;
				CLANG_WARN_INT_CONVERSION = YES;
				CLANG_WARN_NON_LITERAL_NULL_CONVERSION = YES;
				CLANG_WARN_OBJC_IMPLICIT_RETAIN_SELF = YES;
				CLANG_WARN_OBJC_LITERAL_CONVERSION = YES;
				CLANG_WARN_OBJC_ROOT_CLASS = YES_ERROR;
				CLANG_WARN_QUOTED_INCLUDE_IN_FRAMEWORK_HEADER = YES;
				CLANG_WARN_RANGE_LOOP_ANALYSIS = YES;
				CLANG_WARN_STRICT_PROTOTYPES = YES;
				CLANG_WARN_SUSPICIOUS_MOVE = YES;
				CLANG_WARN_UNGUARDED_AVAILABILITY = YES_AGGRESSIVE;
				CLANG_WARN_UNREACHABLE_CODE = YES;
				CLANG_WARN__DUPLICATE_METHOD_MATCH = YES;
				COPY_PHASE_STRIP = NO;
				DEBUG_INFORMATION_FORMAT = dwarf;
				ENABLE_STRICT_OBJC_MSGSEND = YES;
				ENABLE_TESTABILITY = YES;
				GCC_C_LANGUAGE_STANDARD = gnu11;
				GCC_DYNAMIC_NO_PIC = NO;
				GCC_NO_COMMON_BLOCKS = YES;
				GCC_OPTIMIZATION_LEVEL = 0;
				GCC_PREPROCESSOR_DEFINITIONS = (
					"DEBUG=1",
					"$(inherited)",
				);
				GCC_WARN_64_TO_32_BIT_CONVERSION = YES;
				GCC_WARN_ABOUT_RETURN_TYPE = YES_ERROR;
				GCC_WARN_UNDECLARED_SELECTOR = YES;
				GCC_WARN_UNINITIALIZED_AUTOS = YES_AGGRESSIVE;
				GCC_WARN_UNUSED_FUNCTION = YES;
				GCC_WARN_UNUSED_VARIABLE = YES;
				IPHONEOS_DEPLOYMENT_TARGET = 16.4;
				MTL_ENABLE_DEBUG_INFO = INCLUDE_SOURCE;
				MTL_FAST_MATH = YES;
				ONLY_ACTIVE_ARCH = YES;
				SDKROOT = iphoneos;
				SWIFT_ACTIVE_COMPILATION_CONDITIONS = DEBUG;
				SWIFT_OPTIMIZATION_LEVEL = "-Onone";
			};
			name = Debug;
		};
		1765D0EC2AB1D85900135C24 /* Release */ = {
			isa = XCBuildConfiguration;
			buildSettings = {
				ALWAYS_SEARCH_USER_PATHS = NO;
				CLANG_ANALYZER_NONNULL = YES;
				CLANG_ANALYZER_NUMBER_OBJECT_CONVERSION = YES_AGGRESSIVE;
				CLANG_CXX_LANGUAGE_STANDARD = "gnu++20";
				CLANG_ENABLE_MODULES = YES;
				CLANG_ENABLE_OBJC_ARC = YES;
				CLANG_ENABLE_OBJC_WEAK = YES;
				CLANG_WARN_BLOCK_CAPTURE_AUTORELEASING = YES;
				CLANG_WARN_BOOL_CONVERSION = YES;
				CLANG_WARN_COMMA = YES;
				CLANG_WARN_CONSTANT_CONVERSION = YES;
				CLANG_WARN_DEPRECATED_OBJC_IMPLEMENTATIONS = YES;
				CLANG_WARN_DIRECT_OBJC_ISA_USAGE = YES_ERROR;
				CLANG_WARN_DOCUMENTATION_COMMENTS = YES;
				CLANG_WARN_EMPTY_BODY = YES;
				CLANG_WARN_ENUM_CONVERSION = YES;
				CLANG_WARN_INFINITE_RECURSION = YES;
				CLANG_WARN_INT_CONVERSION = YES;
				CLANG_WARN_NON_LITERAL_NULL_CONVERSION = YES;
				CLANG_WARN_OBJC_IMPLICIT_RETAIN_SELF = YES;
				CLANG_WARN_OBJC_LITERAL_CONVERSION = YES;
				CLANG_WARN_OBJC_ROOT_CLASS = YES_ERROR;
				CLANG_WARN_QUOTED_INCLUDE_IN_FRAMEWORK_HEADER = YES;
				CLANG_WARN_RANGE_LOOP_ANALYSIS = YES;
				CLANG_WARN_STRICT_PROTOTYPES = YES;
				CLANG_WARN_SUSPICIOUS_MOVE = YES;
				CLANG_WARN_UNGUARDED_AVAILABILITY = YES_AGGRESSIVE;
				CLANG_WARN_UNREACHABLE_CODE = YES;
				CLANG_WARN__DUPLICATE_METHOD_MATCH = YES;
				COPY_PHASE_STRIP = NO;
				DEBUG_INFORMATION_FORMAT = "dwarf-with-dsym";
				ENABLE_NS_ASSERTIONS = NO;
				ENABLE_STRICT_OBJC_MSGSEND = YES;
				GCC_C_LANGUAGE_STANDARD = gnu11;
				GCC_NO_COMMON_BLOCKS = YES;
				GCC_WARN_64_TO_32_BIT_CONVERSION = YES;
				GCC_WARN_ABOUT_RETURN_TYPE = YES_ERROR;
				GCC_WARN_UNDECLARED_SELECTOR = YES;
				GCC_WARN_UNINITIALIZED_AUTOS = YES_AGGRESSIVE;
				GCC_WARN_UNUSED_FUNCTION = YES;
				GCC_WARN_UNUSED_VARIABLE = YES;
				IPHONEOS_DEPLOYMENT_TARGET = 16.4;
				MTL_ENABLE_DEBUG_INFO = NO;
				MTL_FAST_MATH = YES;
				SDKROOT = iphoneos;
				SWIFT_COMPILATION_MODE = wholemodule;
				SWIFT_OPTIMIZATION_LEVEL = "-O";
				VALIDATE_PRODUCT = YES;
			};
			name = Release;
		};
		1765D0EE2AB1D85900135C24 /* Debug */ = {
			isa = XCBuildConfiguration;
			buildSettings = {
				ASSETCATALOG_COMPILER_APPICON_NAME = AppIcon;
				ASSETCATALOG_COMPILER_GLOBAL_ACCENT_COLOR_NAME = AccentColor;
				CODE_SIGN_STYLE = Automatic;
				CURRENT_PROJECT_VERSION = 1;
				DEVELOPMENT_TEAM = H5BHKL6637;
				GENERATE_INFOPLIST_FILE = YES;
				INFOPLIST_FILE = MVVMPractice2/Info.plist;
				INFOPLIST_KEY_UIApplicationSupportsIndirectInputEvents = YES;
				INFOPLIST_KEY_UILaunchStoryboardName = LaunchScreen;
				INFOPLIST_KEY_UISupportedInterfaceOrientations_iPad = "UIInterfaceOrientationPortrait UIInterfaceOrientationPortraitUpsideDown UIInterfaceOrientationLandscapeLeft UIInterfaceOrientationLandscapeRight";
				INFOPLIST_KEY_UISupportedInterfaceOrientations_iPhone = "UIInterfaceOrientationPortrait UIInterfaceOrientationLandscapeLeft UIInterfaceOrientationLandscapeRight";
				LD_RUNPATH_SEARCH_PATHS = (
					"$(inherited)",
					"@executable_path/Frameworks",
				);
				MARKETING_VERSION = 1.0;
				PRODUCT_BUNDLE_IDENTIFIER = com.hyeonseok.MVVMPractice2;
				PRODUCT_NAME = "$(TARGET_NAME)";
				SWIFT_EMIT_LOC_STRINGS = YES;
				SWIFT_VERSION = 5.0;
				TARGETED_DEVICE_FAMILY = "1,2";
			};
			name = Debug;
		};
		1765D0EF2AB1D85900135C24 /* Release */ = {
			isa = XCBuildConfiguration;
			buildSettings = {
				ASSETCATALOG_COMPILER_APPICON_NAME = AppIcon;
				ASSETCATALOG_COMPILER_GLOBAL_ACCENT_COLOR_NAME = AccentColor;
				CODE_SIGN_STYLE = Automatic;
				CURRENT_PROJECT_VERSION = 1;
				DEVELOPMENT_TEAM = H5BHKL6637;
				GENERATE_INFOPLIST_FILE = YES;
				INFOPLIST_FILE = MVVMPractice2/Info.plist;
				INFOPLIST_KEY_UIApplicationSupportsIndirectInputEvents = YES;
				INFOPLIST_KEY_UILaunchStoryboardName = LaunchScreen;
				INFOPLIST_KEY_UISupportedInterfaceOrientations_iPad = "UIInterfaceOrientationPortrait UIInterfaceOrientationPortraitUpsideDown UIInterfaceOrientationLandscapeLeft UIInterfaceOrientationLandscapeRight";
				INFOPLIST_KEY_UISupportedInterfaceOrientations_iPhone = "UIInterfaceOrientationPortrait UIInterfaceOrientationLandscapeLeft UIInterfaceOrientationLandscapeRight";
				LD_RUNPATH_SEARCH_PATHS = (
					"$(inherited)",
					"@executable_path/Frameworks",
				);
				MARKETING_VERSION = 1.0;
				PRODUCT_BUNDLE_IDENTIFIER = com.hyeonseok.MVVMPractice2;
				PRODUCT_NAME = "$(TARGET_NAME)";
				SWIFT_EMIT_LOC_STRINGS = YES;
				SWIFT_VERSION = 5.0;
				TARGETED_DEVICE_FAMILY = "1,2";
			};
			name = Release;
		};
/* End XCBuildConfiguration section */

/* Begin XCConfigurationList section */
		1765D0D42AB1D85800135C24 /* Build configuration list for PBXProject "MVVMPractice2" */ = {
			isa = XCConfigurationList;
			buildConfigurations = (
				1765D0EB2AB1D85900135C24 /* Debug */,
				1765D0EC2AB1D85900135C24 /* Release */,
			);
			defaultConfigurationIsVisible = 0;
			defaultConfigurationName = Release;
		};
		1765D0ED2AB1D85900135C24 /* Build configuration list for PBXNativeTarget "MVVMPractice2" */ = {
			isa = XCConfigurationList;
			buildConfigurations = (
				1765D0EE2AB1D85900135C24 /* Debug */,
				1765D0EF2AB1D85900135C24 /* Release */,
			);
			defaultConfigurationIsVisible = 0;
			defaultConfigurationName = Release;
		};
/* End XCConfigurationList section */

/* Begin XCRemoteSwiftPackageReference section */
		1765D0F92AB1D92D00135C24 /* XCRemoteSwiftPackageReference "Alamofire" */ = {
			isa = XCRemoteSwiftPackageReference;
			repositoryURL = "https://github.com/Alamofire/Alamofire.git";
			requirement = {
				kind = upToNextMajorVersion;
				minimumVersion = 5.0.0;
			};
		};
		1765D0FC2AB1D93C00135C24 /* XCRemoteSwiftPackageReference "SnapKit" */ = {
			isa = XCRemoteSwiftPackageReference;
			repositoryURL = "https://github.com/SnapKit/SnapKit.git";
			requirement = {
				kind = upToNextMajorVersion;
				minimumVersion = 5.0.0;
			};
		};
/* End XCRemoteSwiftPackageReference section */

/* Begin XCSwiftPackageProductDependency section */
		1765D0FA2AB1D92D00135C24 /* Alamofire */ = {
			isa = XCSwiftPackageProductDependency;
			package = 1765D0F92AB1D92D00135C24 /* XCRemoteSwiftPackageReference "Alamofire" */;
			productName = Alamofire;
		};
		1765D0FD2AB1D93C00135C24 /* SnapKit */ = {
			isa = XCSwiftPackageProductDependency;
			package = 1765D0FC2AB1D93C00135C24 /* XCRemoteSwiftPackageReference "SnapKit" */;
			productName = SnapKit;
		};
/* End XCSwiftPackageProductDependency section */
	};
	rootObject = 1765D0D12AB1D85800135C24 /* Project object */;
}
